
Microsoft Visual Studio Solution File, Format Version 12.00
# Visual Studio Version 16
VisualStudioVersion = 16.0.30907.101
MinimumVisualStudioVersion = 10.0.40219.1
Project("{9A19103F-16F7-4668-BE54-9A1E7A4F7556}") = "anketa", "anketa.csproj", "{5F197139-B97F-4E5E-B398-9DAEA827E7D7}"
EndProject
Project("{9A19103F-16F7-4668-BE54-9A1E7A4F7556}") = "IMT", "..\IMT\IMT.csproj", "{092005A3-AF61-40FC-88E9-CFDED94519B4}"
EndProject
Project("{9A19103F-16F7-4668-BE54-9A1E7A4F7556}") = "Obmen", "..\Obmen\Obmen.csproj", "{64EC9B3A-87ED-4C65-8D05-4992779D8D87}"
EndProject
Project("{9A19103F-16F7-4668-BE54-9A1E7A4F7556}") = "OboMne", "..\OboMne\OboMne.csproj", "{D4DF3A77-03CB-48CA-8E5B-323752967E76}"
EndProject
Project("{9A19103F-16F7-4668-BE54-9A1E7A4F7556}") = "Rasstoyanie", "..\Rasstoyanie\Rasstoyanie.csproj", "{A185A7B0-56AF-43A2-BD57-72A1872CC9E3}"
EndProject
Global
	GlobalSection(SolutionConfigurationPlatforms) = preSolution
		Debug|Any CPU = Debug|Any CPU
		Release|Any CPU = Release|Any CPU
	EndGlobalSection
	GlobalSection(ProjectConfigurationPlatforms) = postSolution
		{5F197139-B97F-4E5E-B398-9DAEA827E7D7}.Debug|Any CPU.ActiveCfg = Debug|Any CPU
		{5F197139-B97F-4E5E-B398-9DAEA827E7D7}.Debug|Any CPU.Build.0 = Debug|Any CPU
		{5F197139-B97F-4E5E-B398-9DAEA827E7D7}.Release|Any CPU.ActiveCfg = Release|Any CPU
		{5F197139-B97F-4E5E-B398-9DAEA827E7D7}.Release|Any CPU.Build.0 = Release|Any CPU
		{092005A3-AF61-40FC-88E9-CFDED94519B4}.Debug|Any CPU.ActiveCfg = Debug|Any CPU
		{092005A3-AF61-40FC-88E9-CFDED94519B4}.Debug|Any CPU.Build.0 = Debug|Any CPU
		{092005A3-AF61-40FC-88E9-CFDED94519B4}.Release|Any CPU.ActiveCfg = Release|Any CPU
		{092005A3-AF61-40FC-88E9-CFDED94519B4}.Release|Any CPU.Build.0 = Release|Any CPU
		{64EC9B3A-87ED-4C65-8D05-4992779D8D87}.Debug|Any CPU.ActiveCfg = Debug|Any CPU
		{64EC9B3A-87ED-4C65-8D05-4992779D8D87}.Debug|Any CPU.Build.0 = Debug|Any CPU
		{64EC9B3A-87ED-4C65-8D05-4992779D8D87}.Release|Any CPU.ActiveCfg = Release|Any CPU
		{64EC9B3A-87ED-4C65-8D05-4992779D8D87}.Release|Any CPU.Build.0 = Release|Any CPU
		{D4DF3A77-03CB-48CA-8E5B-323752967E76}.Debug|Any CPU.ActiveCfg = Debug|Any CPU
		{D4DF3A77-03CB-48CA-8E5B-323752967E76}.Debug|Any CPU.Build.0 = Debug|Any CPU
		{D4DF3A77-03CB-48CA-8E5B-323752967E76}.Release|Any CPU.ActiveCfg = Release|Any CPU
		{D4DF3A77-03CB-48CA-8E5B-323752967E76}.Release|Any CPU.Build.0 = Release|Any CPU
		{A185A7B0-56AF-43A2-BD57-72A1872CC9E3}.Debug|Any CPU.ActiveCfg = Debug|Any CPU
		{A185A7B0-56AF-43A2-BD57-72A1872CC9E3}.Debug|Any CPU.Build.0 = Debug|Any CPU
		{A185A7B0-56AF-43A2-BD57-72A1872CC9E3}.Release|Any CPU.ActiveCfg = Release|Any CPU
		{A185A7B0-56AF-43A2-BD57-72A1872CC9E3}.Release|Any CPU.Build.0 = Release|Any CPU
	EndGlobalSection
	GlobalSection(SolutionProperties) = preSolution
		HideSolutionNode = FALSE
	EndGlobalSection
	GlobalSection(ExtensibilityGlobals) = postSolution
		SolutionGuid = {6BB149F7-699E-4053-9FE9-534ECB6A8A9D}
	EndGlobalSection
EndGlobal
