
Microsoft Visual Studio Solution File, Format Version 12.00
# Visual Studio Version 16
VisualStudioVersion = 16.0.31019.35
MinimumVisualStudioVersion = 10.0.40219.1
Project("{9A19103F-16F7-4668-BE54-9A1E7A4F7556}") = "Lesson3", "Lesson3.csproj", "{C5B240CF-514F-435D-9044-AF1426568522}"
EndProject
Global
	GlobalSection(SolutionConfigurationPlatforms) = preSolution
		Debug|Any CPU = Debug|Any CPU
		Release|Any CPU = Release|Any CPU
	EndGlobalSection
	GlobalSection(ProjectConfigurationPlatforms) = postSolution
		{C5B240CF-514F-435D-9044-AF1426568522}.Debug|Any CPU.ActiveCfg = Debug|Any CPU
		{C5B240CF-514F-435D-9044-AF1426568522}.Debug|Any CPU.Build.0 = Debug|Any CPU
		{C5B240CF-514F-435D-9044-AF1426568522}.Release|Any CPU.ActiveCfg = Release|Any CPU
		{C5B240CF-514F-435D-9044-AF1426568522}.Release|Any CPU.Build.0 = Release|Any CPU
	EndGlobalSection
	GlobalSection(SolutionProperties) = preSolution
		HideSolutionNode = FALSE
	EndGlobalSection
	GlobalSection(ExtensibilityGlobals) = postSolution
		SolutionGuid = {A0FC8397-C978-4BB7-AD48-DE8F3C6D0D6F}
	EndGlobalSection
EndGlobal
