
Microsoft Visual Studio Solution File, Format Version 12.00
# Visual Studio Version 16
VisualStudioVersion = 16.0.31005.135
MinimumVisualStudioVersion = 10.0.40219.1
Project("{9A19103F-16F7-4668-BE54-9A1E7A4F7556}") = "Lesson2", "Lesson2.csproj", "{9C0B00DA-F4BA-41FD-BC97-4E8B03FDEB50}"
EndProject
Global
	GlobalSection(SolutionConfigurationPlatforms) = preSolution
		Debug|Any CPU = Debug|Any CPU
		Release|Any CPU = Release|Any CPU
	EndGlobalSection
	GlobalSection(ProjectConfigurationPlatforms) = postSolution
		{9C0B00DA-F4BA-41FD-BC97-4E8B03FDEB50}.Debug|Any CPU.ActiveCfg = Debug|Any CPU
		{9C0B00DA-F4BA-41FD-BC97-4E8B03FDEB50}.Debug|Any CPU.Build.0 = Debug|Any CPU
		{9C0B00DA-F4BA-41FD-BC97-4E8B03FDEB50}.Release|Any CPU.ActiveCfg = Release|Any CPU
		{9C0B00DA-F4BA-41FD-BC97-4E8B03FDEB50}.Release|Any CPU.Build.0 = Release|Any CPU
	EndGlobalSection
	GlobalSection(SolutionProperties) = preSolution
		HideSolutionNode = FALSE
	EndGlobalSection
	GlobalSection(ExtensibilityGlobals) = postSolution
		SolutionGuid = {C3D4B9D2-66C4-4180-8B89-6A1ACD906E13}
	EndGlobalSection
EndGlobal
