
Microsoft Visual Studio Solution File, Format Version 12.00
# Visual Studio Version 16
VisualStudioVersion = 16.0.31005.135
MinimumVisualStudioVersion = 10.0.40219.1
Project("{9A19103F-16F7-4668-BE54-9A1E7A4F7556}") = "ConsoleApp1", "ConsoleApp1.csproj", "{7E6C094B-5309-42F4-8918-F8E20F5594A1}"
EndProject
Global
	GlobalSection(SolutionConfigurationPlatforms) = preSolution
		Debug|Any CPU = Debug|Any CPU
		Release|Any CPU = Release|Any CPU
	EndGlobalSection
	GlobalSection(ProjectConfigurationPlatforms) = postSolution
		{7E6C094B-5309-42F4-8918-F8E20F5594A1}.Debug|Any CPU.ActiveCfg = Debug|Any CPU
		{7E6C094B-5309-42F4-8918-F8E20F5594A1}.Debug|Any CPU.Build.0 = Debug|Any CPU
		{7E6C094B-5309-42F4-8918-F8E20F5594A1}.Release|Any CPU.ActiveCfg = Release|Any CPU
		{7E6C094B-5309-42F4-8918-F8E20F5594A1}.Release|Any CPU.Build.0 = Release|Any CPU
	EndGlobalSection
	GlobalSection(SolutionProperties) = preSolution
		HideSolutionNode = FALSE
	EndGlobalSection
	GlobalSection(ExtensibilityGlobals) = postSolution
		SolutionGuid = {D98B78C5-73A5-4CF4-B37A-09023EF942A9}
	EndGlobalSection
EndGlobal
